
Microsoft Visual Studio Solution File, Format Version 12.00
# Visual Studio Version 17
VisualStudioVersion = 17.1.32414.318
MinimumVisualStudioVersion = 10.0.40219.1
Project("{FAE04EC0-301F-11D3-BF4B-00C04F79EFBC}") = "LibraryMS", "LibraryMS\LibraryMS.csproj", "{8EFDB6BF-A79C-4793-8B06-46749A1F8A69}"
EndProject
Global
	GlobalSection(SolutionConfigurationPlatforms) = preSolution
		Debug|Any CPU = Debug|Any CPU
		Release|Any CPU = Release|Any CPU
	EndGlobalSection
	GlobalSection(ProjectConfigurationPlatforms) = postSolution
		{8EFDB6BF-A79C-4793-8B06-46749A1F8A69}.Debug|Any CPU.ActiveCfg = Debug|Any CPU
		{8EFDB6BF-A79C-4793-8B06-46749A1F8A69}.Debug|Any CPU.Build.0 = Debug|Any CPU
		{8EFDB6BF-A79C-4793-8B06-46749A1F8A69}.Release|Any CPU.ActiveCfg = Release|Any CPU
		{8EFDB6BF-A79C-4793-8B06-46749A1F8A69}.Release|Any CPU.Build.0 = Release|Any CPU
	EndGlobalSection
	GlobalSection(SolutionProperties) = preSolution
		HideSolutionNode = FALSE
	EndGlobalSection
	GlobalSection(ExtensibilityGlobals) = postSolution
		SolutionGuid = {C1BA6ADF-6867-4681-A401-3D8BE30ED339}
	EndGlobalSection
EndGlobal
